
Microsoft Visual Studio Solution File, Format Version 12.00
# Visual Studio Version 17
VisualStudioVersion = 17.6.33723.286
MinimumVisualStudioVersion = 10.0.40219.1
Project("{8BC9CEB8-8B4A-11D0-8D11-00A0C91BC942}") = "StaticLibrary", "StaticLibrary\StaticLibrary.vcxproj", "{68F7BD23-266C-421B-935D-01B0B0AECC69}"
EndProject
Project("{8BC9CEB8-8B4A-11D0-8D11-00A0C91BC942}") = "Task0102", "Task0102\Task0102.vcxproj", "{CF564AD3-8ECC-4412-93A8-46EE4A091CB6}"
EndProject
Project("{8BC9CEB8-8B4A-11D0-8D11-00A0C91BC942}") = "DynamicLibrary", "DynamicLibrary\DynamicLibrary.vcxproj", "{4A1A4201-DA75-4B3D-8E91-64974DDFCFDB}"
EndProject
Global
	GlobalSection(SolutionConfigurationPlatforms) = preSolution
		Debug|x64 = Debug|x64
		Debug|x86 = Debug|x86
		Release|x64 = Release|x64
		Release|x86 = Release|x86
	EndGlobalSection
	GlobalSection(ProjectConfigurationPlatforms) = postSolution
		{68F7BD23-266C-421B-935D-01B0B0AECC69}.Debug|x64.ActiveCfg = Debug|x64
		{68F7BD23-266C-421B-935D-01B0B0AECC69}.Debug|x64.Build.0 = Debug|x64
		{68F7BD23-266C-421B-935D-01B0B0AECC69}.Debug|x86.ActiveCfg = Debug|Win32
		{68F7BD23-266C-421B-935D-01B0B0AECC69}.Debug|x86.Build.0 = Debug|Win32
		{68F7BD23-266C-421B-935D-01B0B0AECC69}.Release|x64.ActiveCfg = Release|x64
		{68F7BD23-266C-421B-935D-01B0B0AECC69}.Release|x64.Build.0 = Release|x64
		{68F7BD23-266C-421B-935D-01B0B0AECC69}.Release|x86.ActiveCfg = Release|Win32
		{68F7BD23-266C-421B-935D-01B0B0AECC69}.Release|x86.Build.0 = Release|Win32
		{CF564AD3-8ECC-4412-93A8-46EE4A091CB6}.Debug|x64.ActiveCfg = Debug|x64
		{CF564AD3-8ECC-4412-93A8-46EE4A091CB6}.Debug|x64.Build.0 = Debug|x64
		{CF564AD3-8ECC-4412-93A8-46EE4A091CB6}.Debug|x86.ActiveCfg = Debug|Win32
		{CF564AD3-8ECC-4412-93A8-46EE4A091CB6}.Debug|x86.Build.0 = Debug|Win32
		{CF564AD3-8ECC-4412-93A8-46EE4A091CB6}.Release|x64.ActiveCfg = Release|x64
		{CF564AD3-8ECC-4412-93A8-46EE4A091CB6}.Release|x64.Build.0 = Release|x64
		{CF564AD3-8ECC-4412-93A8-46EE4A091CB6}.Release|x86.ActiveCfg = Release|Win32
		{CF564AD3-8ECC-4412-93A8-46EE4A091CB6}.Release|x86.Build.0 = Release|Win32
		{4A1A4201-DA75-4B3D-8E91-64974DDFCFDB}.Debug|x64.ActiveCfg = Debug|x64
		{4A1A4201-DA75-4B3D-8E91-64974DDFCFDB}.Debug|x64.Build.0 = Debug|x64
		{4A1A4201-DA75-4B3D-8E91-64974DDFCFDB}.Debug|x86.ActiveCfg = Debug|Win32
		{4A1A4201-DA75-4B3D-8E91-64974DDFCFDB}.Debug|x86.Build.0 = Debug|Win32
		{4A1A4201-DA75-4B3D-8E91-64974DDFCFDB}.Release|x64.ActiveCfg = Release|x64
		{4A1A4201-DA75-4B3D-8E91-64974DDFCFDB}.Release|x64.Build.0 = Release|x64
		{4A1A4201-DA75-4B3D-8E91-64974DDFCFDB}.Release|x86.ActiveCfg = Release|Win32
		{4A1A4201-DA75-4B3D-8E91-64974DDFCFDB}.Release|x86.Build.0 = Release|Win32
	EndGlobalSection
	GlobalSection(SolutionProperties) = preSolution
		HideSolutionNode = FALSE
	EndGlobalSection
	GlobalSection(ExtensibilityGlobals) = postSolution
		SolutionGuid = {C2D1343C-07C6-47C9-BA7A-1A3B6EB6C79C}
	EndGlobalSection
EndGlobal
