
Microsoft Visual Studio Solution File, Format Version 12.00
# Visual Studio Version 17
VisualStudioVersion = 17.7.34031.279
MinimumVisualStudioVersion = 10.0.40219.1
Project("{8BC9CEB8-8B4A-11D0-8D11-00A0C91BC942}") = "Task01", "Task01.vcxproj", "{A20C66A2-6129-44A0-B027-8FB4E1AA68AD}"
EndProject
Global
	GlobalSection(SolutionConfigurationPlatforms) = preSolution
		Debug|x64 = Debug|x64
		Debug|x86 = Debug|x86
		Release|x64 = Release|x64
		Release|x86 = Release|x86
	EndGlobalSection
	GlobalSection(ProjectConfigurationPlatforms) = postSolution
		{A20C66A2-6129-44A0-B027-8FB4E1AA68AD}.Debug|x64.ActiveCfg = Debug|x64
		{A20C66A2-6129-44A0-B027-8FB4E1AA68AD}.Debug|x64.Build.0 = Debug|x64
		{A20C66A2-6129-44A0-B027-8FB4E1AA68AD}.Debug|x86.ActiveCfg = Debug|Win32
		{A20C66A2-6129-44A0-B027-8FB4E1AA68AD}.Debug|x86.Build.0 = Debug|Win32
		{A20C66A2-6129-44A0-B027-8FB4E1AA68AD}.Release|x64.ActiveCfg = Release|x64
		{A20C66A2-6129-44A0-B027-8FB4E1AA68AD}.Release|x64.Build.0 = Release|x64
		{A20C66A2-6129-44A0-B027-8FB4E1AA68AD}.Release|x86.ActiveCfg = Release|Win32
		{A20C66A2-6129-44A0-B027-8FB4E1AA68AD}.Release|x86.Build.0 = Release|Win32
	EndGlobalSection
	GlobalSection(SolutionProperties) = preSolution
		HideSolutionNode = FALSE
	EndGlobalSection
	GlobalSection(ExtensibilityGlobals) = postSolution
		SolutionGuid = {4DC0E491-F840-4E58-BA5D-6865ECDB22E0}
	EndGlobalSection
EndGlobal
