
Microsoft Visual Studio Solution File, Format Version 12.00
# Visual Studio Version 17
VisualStudioVersion = 17.7.34031.279
MinimumVisualStudioVersion = 10.0.40219.1
Project("{8BC9CEB8-8B4A-11D0-8D11-00A0C91BC942}") = "Task03", "Task03.vcxproj", "{CA2A80ED-CD08-4F35-B24B-6DCBCCA92D1F}"
EndProject
Global
	GlobalSection(SolutionConfigurationPlatforms) = preSolution
		Debug|x64 = Debug|x64
		Debug|x86 = Debug|x86
		Release|x64 = Release|x64
		Release|x86 = Release|x86
	EndGlobalSection
	GlobalSection(ProjectConfigurationPlatforms) = postSolution
		{CA2A80ED-CD08-4F35-B24B-6DCBCCA92D1F}.Debug|x64.ActiveCfg = Debug|x64
		{CA2A80ED-CD08-4F35-B24B-6DCBCCA92D1F}.Debug|x64.Build.0 = Debug|x64
		{CA2A80ED-CD08-4F35-B24B-6DCBCCA92D1F}.Debug|x86.ActiveCfg = Debug|Win32
		{CA2A80ED-CD08-4F35-B24B-6DCBCCA92D1F}.Debug|x86.Build.0 = Debug|Win32
		{CA2A80ED-CD08-4F35-B24B-6DCBCCA92D1F}.Release|x64.ActiveCfg = Release|x64
		{CA2A80ED-CD08-4F35-B24B-6DCBCCA92D1F}.Release|x64.Build.0 = Release|x64
		{CA2A80ED-CD08-4F35-B24B-6DCBCCA92D1F}.Release|x86.ActiveCfg = Release|Win32
		{CA2A80ED-CD08-4F35-B24B-6DCBCCA92D1F}.Release|x86.Build.0 = Release|Win32
	EndGlobalSection
	GlobalSection(SolutionProperties) = preSolution
		HideSolutionNode = FALSE
	EndGlobalSection
	GlobalSection(ExtensibilityGlobals) = postSolution
		SolutionGuid = {531B51F7-1BA8-41C2-BC94-D1AFCD82A51B}
	EndGlobalSection
EndGlobal
